
Microsoft Visual Studio Solution File, Format Version 12.00
# Visual Studio 15
VisualStudioVersion = 15.0.27428.2037
MinimumVisualStudioVersion = 10.0.40219.1
Project("{FAE04EC0-301F-11D3-BF4B-00C04F79EFBC}") = "WindowsFormsApp1", "WindowsFormsApp1\WindowsFormsApp1.csproj", "{460D003B-4D99-49E8-83F7-5D3897BA7E76}"
EndProject
Global
	GlobalSection(SolutionConfigurationPlatforms) = preSolution
		Debug|Any CPU = Debug|Any CPU
		Release|Any CPU = Release|Any CPU
	EndGlobalSection
	GlobalSection(ProjectConfigurationPlatforms) = postSolution
		{460D003B-4D99-49E8-83F7-5D3897BA7E76}.Debug|Any CPU.ActiveCfg = Debug|Any CPU
		{460D003B-4D99-49E8-83F7-5D3897BA7E76}.Debug|Any CPU.Build.0 = Debug|Any CPU
		{460D003B-4D99-49E8-83F7-5D3897BA7E76}.Release|Any CPU.ActiveCfg = Release|Any CPU
		{460D003B-4D99-49E8-83F7-5D3897BA7E76}.Release|Any CPU.Build.0 = Release|Any CPU
	EndGlobalSection
	GlobalSection(SolutionProperties) = preSolution
		HideSolutionNode = FALSE
	EndGlobalSection
	GlobalSection(ExtensibilityGlobals) = postSolution
		SolutionGuid = {70AF32EE-4094-4659-9141-538CCB4380B6}
	EndGlobalSection
EndGlobal
